
Microsoft Visual Studio Solution File, Format Version 12.00
# Visual Studio Version 16
VisualStudioVersion = 16.0.31019.35
MinimumVisualStudioVersion = 10.0.40219.1
Project("{9A19103F-16F7-4668-BE54-9A1E7A4F7556}") = "Exercicio1", "TesteENGIE\Exercicio1.csproj", "{CDB1AAFD-9B8D-4C25-9DDC-83FCED75B56F}"
EndProject
Global
	GlobalSection(SolutionConfigurationPlatforms) = preSolution
		Debug|Any CPU = Debug|Any CPU
		Release|Any CPU = Release|Any CPU
	EndGlobalSection
	GlobalSection(ProjectConfigurationPlatforms) = postSolution
		{CDB1AAFD-9B8D-4C25-9DDC-83FCED75B56F}.Debug|Any CPU.ActiveCfg = Debug|Any CPU
		{CDB1AAFD-9B8D-4C25-9DDC-83FCED75B56F}.Debug|Any CPU.Build.0 = Debug|Any CPU
		{CDB1AAFD-9B8D-4C25-9DDC-83FCED75B56F}.Release|Any CPU.ActiveCfg = Release|Any CPU
		{CDB1AAFD-9B8D-4C25-9DDC-83FCED75B56F}.Release|Any CPU.Build.0 = Release|Any CPU
	EndGlobalSection
	GlobalSection(SolutionProperties) = preSolution
		HideSolutionNode = FALSE
	EndGlobalSection
	GlobalSection(ExtensibilityGlobals) = postSolution
		SolutionGuid = {D068A52B-EDC6-453F-8589-58136ED6E3A7}
	EndGlobalSection
EndGlobal
